
Microsoft Visual Studio Solution File, Format Version 12.00
# Visual Studio Version 16
VisualStudioVersion = 16.0.31624.102
MinimumVisualStudioVersion = 10.0.40219.1
Project("{FAE04EC0-301F-11D3-BF4B-00C04F79EFBC}") = "Gustov", "Gustov\Gustov.csproj", "{2ABEDA51-2B5A-4D13-95B5-28953F4D0C71}"
EndProject
Project("{FAE04EC0-301F-11D3-BF4B-00C04F79EFBC}") = "GustovTest", "GustovTest\GustovTest.csproj", "{5DD2BD57-0F76-4CBA-BACC-EAF2D10A95DE}"
EndProject
Global
	GlobalSection(SolutionConfigurationPlatforms) = preSolution
		Debug|Any CPU = Debug|Any CPU
		Release|Any CPU = Release|Any CPU
	EndGlobalSection
	GlobalSection(ProjectConfigurationPlatforms) = postSolution
		{2ABEDA51-2B5A-4D13-95B5-28953F4D0C71}.Debug|Any CPU.ActiveCfg = Debug|Any CPU
		{2ABEDA51-2B5A-4D13-95B5-28953F4D0C71}.Debug|Any CPU.Build.0 = Debug|Any CPU
		{2ABEDA51-2B5A-4D13-95B5-28953F4D0C71}.Release|Any CPU.ActiveCfg = Release|Any CPU
		{2ABEDA51-2B5A-4D13-95B5-28953F4D0C71}.Release|Any CPU.Build.0 = Release|Any CPU
		{5DD2BD57-0F76-4CBA-BACC-EAF2D10A95DE}.Debug|Any CPU.ActiveCfg = Debug|Any CPU
		{5DD2BD57-0F76-4CBA-BACC-EAF2D10A95DE}.Debug|Any CPU.Build.0 = Debug|Any CPU
		{5DD2BD57-0F76-4CBA-BACC-EAF2D10A95DE}.Release|Any CPU.ActiveCfg = Release|Any CPU
		{5DD2BD57-0F76-4CBA-BACC-EAF2D10A95DE}.Release|Any CPU.Build.0 = Release|Any CPU
	EndGlobalSection
	GlobalSection(SolutionProperties) = preSolution
		HideSolutionNode = FALSE
	EndGlobalSection
	GlobalSection(ExtensibilityGlobals) = postSolution
		SolutionGuid = {D2868EC5-BFC1-42DD-B73F-BB8DC95DD632}
	EndGlobalSection
EndGlobal
